
Microsoft Visual Studio Solution File, Format Version 12.00
# Visual Studio Version 16
VisualStudioVersion = 16.0.30204.135
MinimumVisualStudioVersion = 10.0.40219.1
Project("{888888A0-9F3D-457C-B088-3A5042F75D52}") = "AI_Sudoku", "AI_Sudoku\AI_Sudoku.pyproj", "{EE3A323E-B2C6-42A5-BFE1-09B5E93A3353}"
EndProject
Global
	GlobalSection(SolutionConfigurationPlatforms) = preSolution
		Debug|Any CPU = Debug|Any CPU
		Release|Any CPU = Release|Any CPU
	EndGlobalSection
	GlobalSection(ProjectConfigurationPlatforms) = postSolution
		{EE3A323E-B2C6-42A5-BFE1-09B5E93A3353}.Debug|Any CPU.ActiveCfg = Debug|Any CPU
		{EE3A323E-B2C6-42A5-BFE1-09B5E93A3353}.Release|Any CPU.ActiveCfg = Release|Any CPU
	EndGlobalSection
	GlobalSection(SolutionProperties) = preSolution
		HideSolutionNode = FALSE
	EndGlobalSection
	GlobalSection(ExtensibilityGlobals) = postSolution
		SolutionGuid = {6D2AE8C0-81A0-4AFD-AFC1-9AA00259CCE4}
	EndGlobalSection
EndGlobal
